// !$*UTF8*$!
{
	archiveVersion = 1;
	classes = {
	};
	objectVersion = 46;
	objects = {

/* Begin PBXBuildFile section */
		02C4ABB2D03479FFC4FDCCF6 /* RecentFilesMenuTemplate.nib in Resources */ = {isa = PBXBuildFile; fileRef = 9393D152B1113E94CD1F6753 /* RecentFilesMenuTemplate.nib */; };
		0B0DBFBB8C97A1C00E8654BD /* CoreAudio.framework in Frameworks */ = {isa = PBXBuildFile; fileRef = FCA105220A3EBF24DFFB0712 /* CoreAudio.framework */; };
		0C23FEF73CB3CCC679277229 /* Cocoa.framework in Frameworks */ = {isa = PBXBuildFile; fileRef = 9AD444FE604DE937ABC55738 /* Cocoa.framework */; };
		116DD69DF66DD859D6A8029B /* include_juce_gui_basics.mm in Sources */ = {isa = PBXBuildFile; fileRef = 3372C8F8F439EDCBE1097CC0 /* include_juce_gui_basics.mm */; };
		126EECFCC888B71D6D78BEC0 /* include_juce_audio_basics.mm in Sources */ = {isa = PBXBuildFile; fileRef = C8F28688427D42B0D604557B /* include_juce_audio_basics.mm */; };
		193BC6E4DC4157063B2637F0 /* include_juce_audio_formats.mm in Sources */ = {isa = PBXBuildFile; fileRef = 5D1FC676694048DAC21CAA6A /* include_juce_audio_formats.mm */; };
		1BC3FAC9F474E24FFCB33887 /* include_juce_graphics.mm in Sources */ = {isa = PBXBuildFile; fileRef = 660E71EF21BF6C2D0340F422 /* include_juce_graphics.mm */; };
		279DDA55F777E8B887408E16 /* include_juce_events.mm in Sources */ = {isa = PBXBuildFile; fileRef = E04B0A0155DB5B531ACC8FA9 /* include_juce_events.mm */; };
		285DE68E24613368B07CF2F8 /* AudioToolbox.framework in Frameworks */ = {isa = PBXBuildFile; fileRef = DDE8825792FB04D98048A71C /* AudioToolbox.framework */; };
		344F996E6A93A1A942461D45 /* AVFoundation.framework in Frameworks */ = {isa = PBXBuildFile; fileRef = C914DB40E65411356A1C71D8 /* AVFoundation.framework */; };
		4A92CB0E47E0D2F911E4BADD /* include_juce_video.mm in Sources */ = {isa = PBXBuildFile; fileRef = 341426304986D28EDA70D679 /* include_juce_video.mm */; };
		4B4270A247035B1DA39D26A5 /* include_juce_cryptography.mm in Sources */ = {isa = PBXBuildFile; fileRef = 3830C1496629F66A0C633D7B /* include_juce_cryptography.mm */; };
		4F66DEA667F5E5A8C774E67A /* include_juce_core.mm in Sources */ = {isa = PBXBuildFile; fileRef = E0BF831B1159FAC3D28C9DF0 /* include_juce_core.mm */; };
		629F7C4B69186145DA2B79A5 /* OpenGL.framework in Frameworks */ = {isa = PBXBuildFile; fileRef = 36FF978BDABB7DF5E6415EE2 /* OpenGL.framework */; };
		6D9133D87FC996569CE9F08D /* Main.cpp in Sources */ = {isa = PBXBuildFile; fileRef = 9AEFC69732675DD47D6D189E /* Main.cpp */; };
		8871A9DC0D6846046D9550CC /* include_juce_gui_extra.mm in Sources */ = {isa = PBXBuildFile; fileRef = 2AC4989BD02C83183C7D3828 /* include_juce_gui_extra.mm */; };
		95779F8198F6CE6C912458C2 /* CoreMIDI.framework in Frameworks */ = {isa = PBXBuildFile; fileRef = 440305AD02F736201CF66AF5 /* CoreMIDI.framework */; };
		9EA593FFE8738490513F0877 /* WebKit.framework in Frameworks */ = {isa = PBXBuildFile; fileRef = 25CB1B8D5A1A5575A3602489 /* WebKit.framework */; };
		A581A3D6EEE6ACF1152A0E57 /* include_juce_data_structures.mm in Sources */ = {isa = PBXBuildFile; fileRef = 988F06FE1C7913B0852C96F3 /* include_juce_data_structures.mm */; };
		A9FB24D384DD385A9A07EFD6 /* Carbon.framework in Frameworks */ = {isa = PBXBuildFile; fileRef = E49E13DAC3AF3B527A4CD88A /* Carbon.framework */; };
		AB42996D2FCB77517C2D75C6 /* include_juce_audio_processors.mm in Sources */ = {isa = PBXBuildFile; fileRef = 611569D78603F94E278B2487 /* include_juce_audio_processors.mm */; };
		B3DEA874B45B9A3786DDE76F /* QuartzCore.framework in Frameworks */ = {isa = PBXBuildFile; fileRef = 2826143FA96BCE7C1EEF186E /* QuartzCore.framework */; };
		B567F9C037209D98FB3A68E1 /* CoreMedia.framework in Frameworks */ = {isa = PBXBuildFile; fileRef = 18F7584B08172428E01A2540 /* CoreMedia.framework */; };
		C5648B70494D3B3A6AD97FB4 /* IOKit.framework in Frameworks */ = {isa = PBXBuildFile; fileRef = 533B115F4775174DA09ECE6B /* IOKit.framework */; };
		CB713E4E79059529E1431571 /* Accelerate.framework in Frameworks */ = {isa = PBXBuildFile; fileRef = 66F3DFD5AB328E63588BC4DE /* Accelerate.framework */; };
		D42F37AF500207248BFB9357 /* MainComponent.cpp in Sources */ = {isa = PBXBuildFile; fileRef = 332F482ABDADFB3BA2E435E6 /* MainComponent.cpp */; };
		E5AFB0FA06AFD269490CAC9A /* include_juce_audio_devices.mm in Sources */ = {isa = PBXBuildFile; fileRef = 82A6054789DC0619F865C3D7 /* include_juce_audio_devices.mm */; };
		E6CB8F6039A57A5C6F2FC364 /* include_juce_opengl.mm in Sources */ = {isa = PBXBuildFile; fileRef = 615E66B2EC87ABF0E9A5B3CD /* include_juce_opengl.mm */; };
		F4E02995216BFBBAC2F76273 /* AVKit.framework in Frameworks */ = {isa = PBXBuildFile; fileRef = 53F17A5323E54F88FFD36AE0 /* AVKit.framework */; };
/* End PBXBuildFile section */

/* Begin PBXFileReference section */
		18F7584B08172428E01A2540 /* CoreMedia.framework */ = {isa = PBXFileReference; lastKnownFileType = wrapper.framework; name = CoreMedia.framework; path = System/Library/Frameworks/CoreMedia.framework; sourceTree = SDKROOT; };
		1D7C1F965F4FB3D10468AEEA /* juce_core */ = {isa = PBXFileReference; lastKnownFileType = folder; name = juce_core; path = ../../../JUCE/modules/juce_core; sourceTree = SOURCE_ROOT; };
		2029627B6D944624E0952861 /* AppConfig.h */ = {isa = PBXFileReference; lastKnownFileType = sourcecode.c.h; name = AppConfig.h; path = ../../JuceLibraryCode/AppConfig.h; sourceTree = SOURCE_ROOT; };
		220E4CFD3F2119785D2A67B8 /* juce_audio_formats */ = {isa = PBXFileReference; lastKnownFileType = folder; name = juce_audio_formats; path = ../../../JUCE/modules/juce_audio_formats; sourceTree = SOURCE_ROOT; };
		25CB1B8D5A1A5575A3602489 /* WebKit.framework */ = {isa = PBXFileReference; lastKnownFileType = wrapper.framework; name = WebKit.framework; path = System/Library/Frameworks/WebKit.framework; sourceTree = SDKROOT; };
		2826143FA96BCE7C1EEF186E /* QuartzCore.framework */ = {isa = PBXFileReference; lastKnownFileType = wrapper.framework; name = QuartzCore.framework; path = System/Library/Frameworks/QuartzCore.framework; sourceTree = SDKROOT; };
		2AC4989BD02C83183C7D3828 /* include_juce_gui_extra.mm */ = {isa = PBXFileReference; lastKnownFileType = sourcecode.cpp.objcpp; name = include_juce_gui_extra.mm; path = ../../JuceLibraryCode/include_juce_gui_extra.mm; sourceTree = SOURCE_ROOT; };
		332F482ABDADFB3BA2E435E6 /* MainComponent.cpp */ = {isa = PBXFileReference; lastKnownFileType = sourcecode.cpp.cpp; name = MainComponent.cpp; path = ../../Source/MainComponent.cpp; sourceTree = SOURCE_ROOT; };
		3372C8F8F439EDCBE1097CC0 /* include_juce_gui_basics.mm */ = {isa = PBXFileReference; lastKnownFileType = sourcecode.cpp.objcpp; name = include_juce_gui_basics.mm; path = ../../JuceLibraryCode/include_juce_gui_basics.mm; sourceTree = SOURCE_ROOT; };
		341426304986D28EDA70D679 /* include_juce_video.mm */ = {isa = PBXFileReference; lastKnownFileType = sourcecode.cpp.objcpp; name = include_juce_video.mm; path = ../../JuceLibraryCode/include_juce_video.mm; sourceTree = SOURCE_ROOT; };
		36FF978BDABB7DF5E6415EE2 /* OpenGL.framework */ = {isa = PBXFileReference; lastKnownFileType = wrapper.framework; name = OpenGL.framework; path = System/Library/Frameworks/OpenGL.framework; sourceTree = SDKROOT; };
		3830C1496629F66A0C633D7B /* include_juce_cryptography.mm */ = {isa = PBXFileReference; lastKnownFileType = sourcecode.cpp.objcpp; name = include_juce_cryptography.mm; path = ../../JuceLibraryCode/include_juce_cryptography.mm; sourceTree = SOURCE_ROOT; };
		3A418123E3003D3A2614F356 /* MainComponent.h */ = {isa = PBXFileReference; lastKnownFileType = sourcecode.c.h; name = MainComponent.h; path = ../../Source/MainComponent.h; sourceTree = SOURCE_ROOT; };
		440305AD02F736201CF66AF5 /* CoreMIDI.framework */ = {isa = PBXFileReference; lastKnownFileType = wrapper.framework; name = CoreMIDI.framework; path = System/Library/Frameworks/CoreMIDI.framework; sourceTree = SDKROOT; };
		533B115F4775174DA09ECE6B /* IOKit.framework */ = {isa = PBXFileReference; lastKnownFileType = wrapper.framework; name = IOKit.framework; path = System/Library/Frameworks/IOKit.framework; sourceTree = SDKROOT; };
		53F17A5323E54F88FFD36AE0 /* AVKit.framework */ = {isa = PBXFileReference; lastKnownFileType = wrapper.framework; name = AVKit.framework; path = System/Library/Frameworks/AVKit.framework; sourceTree = SDKROOT; };
		579002101F521808008BB2EE /* GameView.h */ = {isa = PBXFileReference; fileEncoding = 4; lastKnownFileType = sourcecode.c.h; name = GameView.h; path = ../../Source/GameView.h; sourceTree = "<group>"; };
		579002111F5218AB008BB2EE /* GameHUD.h */ = {isa = PBXFileReference; lastKnownFileType = sourcecode.c.h; name = GameHUD.h; path = ../../Source/GameHUD.h; sourceTree = "<group>"; };
		5BA064D2FF4E47F6DF098CA3 /* juce_graphics */ = {isa = PBXFileReference; lastKnownFileType = folder; name = juce_graphics; path = ../../../JUCE/modules/juce_graphics; sourceTree = SOURCE_ROOT; };
		5D1FC676694048DAC21CAA6A /* include_juce_audio_formats.mm */ = {isa = PBXFileReference; lastKnownFileType = sourcecode.cpp.objcpp; name = include_juce_audio_formats.mm; path = ../../JuceLibraryCode/include_juce_audio_formats.mm; sourceTree = SOURCE_ROOT; };
		611569D78603F94E278B2487 /* include_juce_audio_processors.mm */ = {isa = PBXFileReference; lastKnownFileType = sourcecode.cpp.objcpp; name = include_juce_audio_processors.mm; path = ../../JuceLibraryCode/include_juce_audio_processors.mm; sourceTree = SOURCE_ROOT; };
		615E66B2EC87ABF0E9A5B3CD /* include_juce_opengl.mm */ = {isa = PBXFileReference; lastKnownFileType = sourcecode.cpp.objcpp; name = include_juce_opengl.mm; path = ../../JuceLibraryCode/include_juce_opengl.mm; sourceTree = SOURCE_ROOT; };
		660E71EF21BF6C2D0340F422 /* include_juce_graphics.mm */ = {isa = PBXFileReference; lastKnownFileType = sourcecode.cpp.objcpp; name = include_juce_graphics.mm; path = ../../JuceLibraryCode/include_juce_graphics.mm; sourceTree = SOURCE_ROOT; };
		66F3DFD5AB328E63588BC4DE /* Accelerate.framework */ = {isa = PBXFileReference; lastKnownFileType = wrapper.framework; name = Accelerate.framework; path = System/Library/Frameworks/Accelerate.framework; sourceTree = SDKROOT; };
		74ED474F34259E2F8E5BECC0 /* juce_opengl */ = {isa = PBXFileReference; lastKnownFileType = folder; name = juce_opengl; path = ../../../JUCE/modules/juce_opengl; sourceTree = SOURCE_ROOT; };
		7D17B2E08D9B8F6702CE0A72 /* juce_video */ = {isa = PBXFileReference; lastKnownFileType = folder; name = juce_video; path = ../../../JUCE/modules/juce_video; sourceTree = SOURCE_ROOT; };
		82A6054789DC0619F865C3D7 /* include_juce_audio_devices.mm */ = {isa = PBXFileReference; lastKnownFileType = sourcecode.cpp.objcpp; name = include_juce_audio_devices.mm; path = ../../JuceLibraryCode/include_juce_audio_devices.mm; sourceTree = SOURCE_ROOT; };
		9393D152B1113E94CD1F6753 /* RecentFilesMenuTemplate.nib */ = {isa = PBXFileReference; lastKnownFileType = file.nib; path = RecentFilesMenuTemplate.nib; sourceTree = SOURCE_ROOT; };
		94146F572E2E68DEB04EBBF6 /* juce_audio_devices */ = {isa = PBXFileReference; lastKnownFileType = folder; name = juce_audio_devices; path = ../../../JUCE/modules/juce_audio_devices; sourceTree = SOURCE_ROOT; };
		988F06FE1C7913B0852C96F3 /* include_juce_data_structures.mm */ = {isa = PBXFileReference; lastKnownFileType = sourcecode.cpp.objcpp; name = include_juce_data_structures.mm; path = ../../JuceLibraryCode/include_juce_data_structures.mm; sourceTree = SOURCE_ROOT; };
		9AD444FE604DE937ABC55738 /* Cocoa.framework */ = {isa = PBXFileReference; lastKnownFileType = wrapper.framework; name = Cocoa.framework; path = System/Library/Frameworks/Cocoa.framework; sourceTree = SDKROOT; };
		9AEFC69732675DD47D6D189E /* Main.cpp */ = {isa = PBXFileReference; lastKnownFileType = sourcecode.cpp.cpp; name = Main.cpp; path = ../../Source/Main.cpp; sourceTree = SOURCE_ROOT; };
		9B2EB08FB215AA698D7BA72B /* juce_audio_basics */ = {isa = PBXFileReference; lastKnownFileType = folder; name = juce_audio_basics; path = ../../../JUCE/modules/juce_audio_basics; sourceTree = SOURCE_ROOT; };
		9D35490C4876D031192C2E7D /* GameEngine.app */ = {isa = PBXFileReference; explicitFileType = wrapper.application; includeInIndex = 0; path = GameEngine.app; sourceTree = BUILT_PRODUCTS_DIR; };
		A756F150B7721779705DF302 /* Info-App.plist */ = {isa = PBXFileReference; lastKnownFileType = text.plist.xml; path = "Info-App.plist"; sourceTree = SOURCE_ROOT; };
		A9F222157DBDF66C4FFFA5A6 /* juce_gui_extra */ = {isa = PBXFileReference; lastKnownFileType = folder; name = juce_gui_extra; path = ../../../JUCE/modules/juce_gui_extra; sourceTree = SOURCE_ROOT; };
		BAF8107209BFC5F11D64C7AF /* juce_events */ = {isa = PBXFileReference; lastKnownFileType = folder; name = juce_events; path = ../../../JUCE/modules/juce_events; sourceTree = SOURCE_ROOT; };
		C6911D756116EB8547E69AF4 /* juce_data_structures */ = {isa = PBXFileReference; lastKnownFileType = folder; name = juce_data_structures; path = ../../../JUCE/modules/juce_data_structures; sourceTree = SOURCE_ROOT; };
		C8F28688427D42B0D604557B /* include_juce_audio_basics.mm */ = {isa = PBXFileReference; lastKnownFileType = sourcecode.cpp.objcpp; name = include_juce_audio_basics.mm; path = ../../JuceLibraryCode/include_juce_audio_basics.mm; sourceTree = SOURCE_ROOT; };
		C914DB40E65411356A1C71D8 /* AVFoundation.framework */ = {isa = PBXFileReference; lastKnownFileType = wrapper.framework; name = AVFoundation.framework; path = System/Library/Frameworks/AVFoundation.framework; sourceTree = SDKROOT; };
		DAFAD75AACFDAB51ADBF5F88 /* juce_audio_processors */ = {isa = PBXFileReference; lastKnownFileType = folder; name = juce_audio_processors; path = ../../../JUCE/modules/juce_audio_processors; sourceTree = SOURCE_ROOT; };
		DDE8825792FB04D98048A71C /* AudioToolbox.framework */ = {isa = PBXFileReference; lastKnownFileType = wrapper.framework; name = AudioToolbox.framework; path = System/Library/Frameworks/AudioToolbox.framework; sourceTree = SDKROOT; };
		DFAD3F1A2F29E0B726A386D1 /* juce_gui_basics */ = {isa = PBXFileReference; lastKnownFileType = folder; name = juce_gui_basics; path = ../../../JUCE/modules/juce_gui_basics; sourceTree = SOURCE_ROOT; };
		E04B0A0155DB5B531ACC8FA9 /* include_juce_events.mm */ = {isa = PBXFileReference; lastKnownFileType = sourcecode.cpp.objcpp; name = include_juce_events.mm; path = ../../JuceLibraryCode/include_juce_events.mm; sourceTree = SOURCE_ROOT; };
		E0BF831B1159FAC3D28C9DF0 /* include_juce_core.mm */ = {isa = PBXFileReference; lastKnownFileType = sourcecode.cpp.objcpp; name = include_juce_core.mm; path = ../../JuceLibraryCode/include_juce_core.mm; sourceTree = SOURCE_ROOT; };
		E49E13DAC3AF3B527A4CD88A /* Carbon.framework */ = {isa = PBXFileReference; lastKnownFileType = wrapper.framework; name = Carbon.framework; path = System/Library/Frameworks/Carbon.framework; sourceTree = SDKROOT; };
		E6B8664F7CAC374C51E904BC /* JuceHeader.h */ = {isa = PBXFileReference; lastKnownFileType = sourcecode.c.h; name = JuceHeader.h; path = ../../JuceLibraryCode/JuceHeader.h; sourceTree = SOURCE_ROOT; };
		F0DA468E9ECC20010D573CD6 /* juce_cryptography */ = {isa = PBXFileReference; lastKnownFileType = folder; name = juce_cryptography; path = ../../../JUCE/modules/juce_cryptography; sourceTree = SOURCE_ROOT; };
		FCA105220A3EBF24DFFB0712 /* CoreAudio.framework */ = {isa = PBXFileReference; lastKnownFileType = wrapper.framework; name = CoreAudio.framework; path = System/Library/Frameworks/CoreAudio.framework; sourceTree = SDKROOT; };
/* End PBXFileReference section */

/* Begin PBXFrameworksBuildPhase section */
		173AE3A9FF01F8F3768C8689 /* Frameworks */ = {
			isa = PBXFrameworksBuildPhase;
			buildActionMask = 2147483647;
			files = (
				CB713E4E79059529E1431571 /* Accelerate.framework in Frameworks */,
				285DE68E24613368B07CF2F8 /* AudioToolbox.framework in Frameworks */,
				344F996E6A93A1A942461D45 /* AVFoundation.framework in Frameworks */,
				F4E02995216BFBBAC2F76273 /* AVKit.framework in Frameworks */,
				A9FB24D384DD385A9A07EFD6 /* Carbon.framework in Frameworks */,
				0C23FEF73CB3CCC679277229 /* Cocoa.framework in Frameworks */,
				0B0DBFBB8C97A1C00E8654BD /* CoreAudio.framework in Frameworks */,
				B567F9C037209D98FB3A68E1 /* CoreMedia.framework in Frameworks */,
				95779F8198F6CE6C912458C2 /* CoreMIDI.framework in Frameworks */,
				C5648B70494D3B3A6AD97FB4 /* IOKit.framework in Frameworks */,
				629F7C4B69186145DA2B79A5 /* OpenGL.framework in Frameworks */,
				B3DEA874B45B9A3786DDE76F /* QuartzCore.framework in Frameworks */,
				9EA593FFE8738490513F0877 /* WebKit.framework in Frameworks */,
			);
			runOnlyForDeploymentPostprocessing = 0;
		};
/* End PBXFrameworksBuildPhase section */

/* Begin PBXGroup section */
		0382876580B6FC96718F9BE8 /* Products */ = {
			isa = PBXGroup;
			children = (
				9D35490C4876D031192C2E7D /* GameEngine.app */,
			);
			name = Products;
			sourceTree = "<group>";
		};
		1FC73B7FD3BD8137D94E09A8 /* Source */ = {
			isa = PBXGroup;
			children = (
				332F482ABDADFB3BA2E435E6 /* MainComponent.cpp */,
				579002101F521808008BB2EE /* GameView.h */,
				579002111F5218AB008BB2EE /* GameHUD.h */,
				3A418123E3003D3A2614F356 /* MainComponent.h */,
				9AEFC69732675DD47D6D189E /* Main.cpp */,
			);
			name = Source;
			sourceTree = "<group>";
		};
		2878067D26D3EA79C5F7627C /* Juce Modules */ = {
			isa = PBXGroup;
			children = (
				9B2EB08FB215AA698D7BA72B /* juce_audio_basics */,
				94146F572E2E68DEB04EBBF6 /* juce_audio_devices */,
				220E4CFD3F2119785D2A67B8 /* juce_audio_formats */,
				DAFAD75AACFDAB51ADBF5F88 /* juce_audio_processors */,
				1D7C1F965F4FB3D10468AEEA /* juce_core */,
				F0DA468E9ECC20010D573CD6 /* juce_cryptography */,
				C6911D756116EB8547E69AF4 /* juce_data_structures */,
				BAF8107209BFC5F11D64C7AF /* juce_events */,
				5BA064D2FF4E47F6DF098CA3 /* juce_graphics */,
				DFAD3F1A2F29E0B726A386D1 /* juce_gui_basics */,
				A9F222157DBDF66C4FFFA5A6 /* juce_gui_extra */,
				74ED474F34259E2F8E5BECC0 /* juce_opengl */,
				7D17B2E08D9B8F6702CE0A72 /* juce_video */,
			);
			name = "Juce Modules";
			sourceTree = "<group>";
		};
		37227471AFF55D49D7736640 /* Juce Library Code */ = {
			isa = PBXGroup;
			children = (
				2029627B6D944624E0952861 /* AppConfig.h */,
				C8F28688427D42B0D604557B /* include_juce_audio_basics.mm */,
				82A6054789DC0619F865C3D7 /* include_juce_audio_devices.mm */,
				5D1FC676694048DAC21CAA6A /* include_juce_audio_formats.mm */,
				611569D78603F94E278B2487 /* include_juce_audio_processors.mm */,
				E0BF831B1159FAC3D28C9DF0 /* include_juce_core.mm */,
				3830C1496629F66A0C633D7B /* include_juce_cryptography.mm */,
				988F06FE1C7913B0852C96F3 /* include_juce_data_structures.mm */,
				E04B0A0155DB5B531ACC8FA9 /* include_juce_events.mm */,
				660E71EF21BF6C2D0340F422 /* include_juce_graphics.mm */,
				3372C8F8F439EDCBE1097CC0 /* include_juce_gui_basics.mm */,
				2AC4989BD02C83183C7D3828 /* include_juce_gui_extra.mm */,
				615E66B2EC87ABF0E9A5B3CD /* include_juce_opengl.mm */,
				341426304986D28EDA70D679 /* include_juce_video.mm */,
				E6B8664F7CAC374C51E904BC /* JuceHeader.h */,
			);
			name = "Juce Library Code";
			sourceTree = "<group>";
		};
		5D852BA488C7D07366254ECE /* Source */ = {
			isa = PBXGroup;
			children = (
				BBEBACA23F8D5E9F877BD57C /* GameEngine */,
				2878067D26D3EA79C5F7627C /* Juce Modules */,
				37227471AFF55D49D7736640 /* Juce Library Code */,
				7838D8B5C9E3BBBF621FD947 /* Resources */,
				B4A9D316D3B97A83D724B4F4 /* Frameworks */,
				0382876580B6FC96718F9BE8 /* Products */,
			);
			name = Source;
			sourceTree = "<group>";
		};
		7838D8B5C9E3BBBF621FD947 /* Resources */ = {
			isa = PBXGroup;
			children = (
				A756F150B7721779705DF302 /* Info-App.plist */,
				9393D152B1113E94CD1F6753 /* RecentFilesMenuTemplate.nib */,
			);
			name = Resources;
			sourceTree = "<group>";
		};
		B4A9D316D3B97A83D724B4F4 /* Frameworks */ = {
			isa = PBXGroup;
			children = (
				66F3DFD5AB328E63588BC4DE /* Accelerate.framework */,
				DDE8825792FB04D98048A71C /* AudioToolbox.framework */,
				C914DB40E65411356A1C71D8 /* AVFoundation.framework */,
				53F17A5323E54F88FFD36AE0 /* AVKit.framework */,
				E49E13DAC3AF3B527A4CD88A /* Carbon.framework */,
				9AD444FE604DE937ABC55738 /* Cocoa.framework */,
				FCA105220A3EBF24DFFB0712 /* CoreAudio.framework */,
				18F7584B08172428E01A2540 /* CoreMedia.framework */,
				440305AD02F736201CF66AF5 /* CoreMIDI.framework */,
				533B115F4775174DA09ECE6B /* IOKit.framework */,
				36FF978BDABB7DF5E6415EE2 /* OpenGL.framework */,
				2826143FA96BCE7C1EEF186E /* QuartzCore.framework */,
				25CB1B8D5A1A5575A3602489 /* WebKit.framework */,
			);
			name = Frameworks;
			sourceTree = "<group>";
		};
		BBEBACA23F8D5E9F877BD57C /* GameEngine */ = {
			isa = PBXGroup;
			children = (
				1FC73B7FD3BD8137D94E09A8 /* Source */,
			);
			name = GameEngine;
			sourceTree = "<group>";
		};
/* End PBXGroup section */

/* Begin PBXNativeTarget section */
		84C59EDDA2B3D6490BFD7814 /* GameEngine - App */ = {
			isa = PBXNativeTarget;
			buildConfigurationList = 5DE5165C68199297AB9B5D67 /* Build configuration list for PBXNativeTarget "GameEngine - App" */;
			buildPhases = (
				9A9B6DFE0206A2E7876C6513 /* Resources */,
				0B33A8888BA5EB2D1D983C62 /* Sources */,
				173AE3A9FF01F8F3768C8689 /* Frameworks */,
			);
			buildRules = (
			);
			dependencies = (
			);
			name = "GameEngine - App";
			productName = GameEngine;
			productReference = 9D35490C4876D031192C2E7D /* GameEngine.app */;
			productType = "com.apple.product-type.application";
		};
/* End PBXNativeTarget section */

/* Begin PBXProject section */
		2EF5FBBC84324306B84774F6 /* Project object */ = {
			isa = PBXProject;
			attributes = {
				LastUpgradeCheck = 0830;
				TargetAttributes = {
					84C59EDDA2B3D6490BFD7814 = {
						SystemCapabilities = {
							com.apple.ApplicationGroups.iOS = {
								enabled = 0;
							};
							com.apple.InAppPurchase = {
								enabled = 0;
							};
							com.apple.InterAppAudio = {
								enabled = 0;
							};
							com.apple.Push = {
								enabled = 0;
							};
							com.apple.Sandbox = {
								enabled = 0;
							};
						};
					};
				};
			};
			buildConfigurationList = 26FD0C563558A2B6800EAB8F /* Build configuration list for PBXProject "GameEngine" */;
			compatibilityVersion = "Xcode 3.2";
			developmentRegion = English;
			hasScannedForEncodings = 0;
			knownRegions = (
				en,
			);
			mainGroup = 5D852BA488C7D07366254ECE /* Source */;
			projectDirPath = "";
			projectRoot = "";
			targets = (
				84C59EDDA2B3D6490BFD7814 /* GameEngine - App */,
			);
		};
/* End PBXProject section */

/* Begin PBXResourcesBuildPhase section */
		9A9B6DFE0206A2E7876C6513 /* Resources */ = {
			isa = PBXResourcesBuildPhase;
			buildActionMask = 2147483647;
			files = (
				02C4ABB2D03479FFC4FDCCF6 /* RecentFilesMenuTemplate.nib in Resources */,
			);
			runOnlyForDeploymentPostprocessing = 0;
		};
/* End PBXResourcesBuildPhase section */

/* Begin PBXSourcesBuildPhase section */
		0B33A8888BA5EB2D1D983C62 /* Sources */ = {
			isa = PBXSourcesBuildPhase;
			buildActionMask = 2147483647;
			files = (
				D42F37AF500207248BFB9357 /* MainComponent.cpp in Sources */,
				6D9133D87FC996569CE9F08D /* Main.cpp in Sources */,
				126EECFCC888B71D6D78BEC0 /* include_juce_audio_basics.mm in Sources */,
				E5AFB0FA06AFD269490CAC9A /* include_juce_audio_devices.mm in Sources */,
				193BC6E4DC4157063B2637F0 /* include_juce_audio_formats.mm in Sources */,
				AB42996D2FCB77517C2D75C6 /* include_juce_audio_processors.mm in Sources */,
				4F66DEA667F5E5A8C774E67A /* include_juce_core.mm in Sources */,
				4B4270A247035B1DA39D26A5 /* include_juce_cryptography.mm in Sources */,
				A581A3D6EEE6ACF1152A0E57 /* include_juce_data_structures.mm in Sources */,
				279DDA55F777E8B887408E16 /* include_juce_events.mm in Sources */,
				1BC3FAC9F474E24FFCB33887 /* include_juce_graphics.mm in Sources */,
				116DD69DF66DD859D6A8029B /* include_juce_gui_basics.mm in Sources */,
				8871A9DC0D6846046D9550CC /* include_juce_gui_extra.mm in Sources */,
				E6CB8F6039A57A5C6F2FC364 /* include_juce_opengl.mm in Sources */,
				4A92CB0E47E0D2F911E4BADD /* include_juce_video.mm in Sources */,
			);
			runOnlyForDeploymentPostprocessing = 0;
		};
/* End PBXSourcesBuildPhase section */

/* Begin XCBuildConfiguration section */
		1E5F7F2E326672D34FD88490 /* Release */ = {
			isa = XCBuildConfiguration;
			buildSettings = {
				CLANG_CXX_LANGUAGE_STANDARD = "c++11";
				CLANG_LINK_OBJC_RUNTIME = NO;
				COMBINE_HIDPI_IMAGES = YES;
				CONFIGURATION_BUILD_DIR = "$(PROJECT_DIR)/build/$(CONFIGURATION)";
				DEAD_CODE_STRIPPING = YES;
				GCC_GENERATE_DEBUGGING_SYMBOLS = NO;
				GCC_OPTIMIZATION_LEVEL = 3;
				GCC_PREPROCESSOR_DEFINITIONS = (
					"_NDEBUG=1",
					"NDEBUG=1",
					"JUCER_XCODE_MAC_F6D2F4CF=1",
					"JUCE_APP_VERSION=1.0.0",
					"JUCE_APP_VERSION_HEX=0x10000",
					"JucePlugin_Build_VST=0",
					"JucePlugin_Build_VST3=0",
					"JucePlugin_Build_AU=0",
					"JucePlugin_Build_AUv3=0",
					"JucePlugin_Build_RTAS=0",
					"JucePlugin_Build_AAX=0",
					"JucePlugin_Build_Standalone=0",
				);
				GCC_SYMBOLS_PRIVATE_EXTERN = YES;
				GCC_VERSION = com.apple.compilers.llvm.clang.1_0;
				HEADER_SEARCH_PATHS = (
					../../JuceLibraryCode,
					../../../JUCE/modules,
					"$(inherited)",
				);
				INFOPLIST_FILE = "Info-App.plist";
				INFOPLIST_PREPROCESS = NO;
				INSTALL_PATH = "$(HOME)/Applications";
				MACOSX_DEPLOYMENT_TARGET = 10.11;
				MACOSX_DEPLOYMENT_TARGET_ppc = 10.4;
				PRODUCT_BUNDLE_IDENTIFIER = com.yourcompany.GameEngine;
				SDKROOT_ppc = macosx10.5;
				USE_HEADERMAP = NO;
			};
			name = Release;
		};
		4E88A491047F4D92C00A1321 /* Debug */ = {
			isa = XCBuildConfiguration;
			buildSettings = {
				ALWAYS_SEARCH_USER_PATHS = NO;
				CLANG_WARN_BLOCK_CAPTURE_AUTORELEASING = YES;
				CLANG_WARN_BOOL_CONVERSION = YES;
				CLANG_WARN_COMMA = YES;
				CLANG_WARN_CONSTANT_CONVERSION = YES;
				CLANG_WARN_EMPTY_BODY = YES;
				CLANG_WARN_ENUM_CONVERSION = YES;
				CLANG_WARN_INFINITE_RECURSION = YES;
				CLANG_WARN_INT_CONVERSION = YES;
				CLANG_WARN_NON_LITERAL_NULL_CONVERSION = YES;
				CLANG_WARN_OBJC_LITERAL_CONVERSION = YES;
				CLANG_WARN_RANGE_LOOP_ANALYSIS = YES;
				CLANG_WARN_STRICT_PROTOTYPES = YES;
				CLANG_WARN_SUSPICIOUS_MOVE = YES;
				CLANG_WARN_UNREACHABLE_CODE = YES;
				CLANG_WARN__DUPLICATE_METHOD_MATCH = YES;
				DEBUG_INFORMATION_FORMAT = dwarf;
				ENABLE_STRICT_OBJC_MSGSEND = YES;
				ENABLE_TESTABILITY = YES;
				GCC_C_LANGUAGE_STANDARD = c11;
				GCC_INLINES_ARE_PRIVATE_EXTERN = YES;
				GCC_MODEL_TUNING = G5;
				GCC_NO_COMMON_BLOCKS = YES;
				GCC_WARN_64_TO_32_BIT_CONVERSION = YES;
				GCC_WARN_ABOUT_RETURN_TYPE = YES;
				GCC_WARN_CHECK_SWITCH_STATEMENTS = YES;
				GCC_WARN_MISSING_PARENTHESES = YES;
				GCC_WARN_NON_VIRTUAL_DESTRUCTOR = YES;
				GCC_WARN_TYPECHECK_CALLS_TO_PRINTF = YES;
				GCC_WARN_UNDECLARED_SELECTOR = YES;
				GCC_WARN_UNINITIALIZED_AUTOS = YES;
				GCC_WARN_UNUSED_FUNCTION = YES;
				GCC_WARN_UNUSED_VARIABLE = YES;
				ONLY_ACTIVE_ARCH = YES;
				PRODUCT_NAME = GameEngine;
				WARNING_CFLAGS = "-Wreorder";
				ZERO_LINK = NO;
			};
			name = Debug;
		};
		A486A6677BB9914E04275F32 /* Debug */ = {
			isa = XCBuildConfiguration;
			buildSettings = {
				CLANG_CXX_LANGUAGE_STANDARD = "c++11";
				CLANG_LINK_OBJC_RUNTIME = NO;
				COMBINE_HIDPI_IMAGES = YES;
				CONFIGURATION_BUILD_DIR = "$(PROJECT_DIR)/build/$(CONFIGURATION)";
				COPY_PHASE_STRIP = NO;
				GCC_DYNAMIC_NO_PIC = NO;
				GCC_OPTIMIZATION_LEVEL = 0;
				GCC_PREPROCESSOR_DEFINITIONS = (
					"_DEBUG=1",
					"DEBUG=1",
					"JUCER_XCODE_MAC_F6D2F4CF=1",
					"JUCE_APP_VERSION=1.0.0",
					"JUCE_APP_VERSION_HEX=0x10000",
					"JucePlugin_Build_VST=0",
					"JucePlugin_Build_VST3=0",
					"JucePlugin_Build_AU=0",
					"JucePlugin_Build_AUv3=0",
					"JucePlugin_Build_RTAS=0",
					"JucePlugin_Build_AAX=0",
					"JucePlugin_Build_Standalone=0",
				);
				GCC_VERSION = com.apple.compilers.llvm.clang.1_0;
				HEADER_SEARCH_PATHS = (
					../../JuceLibraryCode,
					../../../JUCE/modules,
					"$(inherited)",
				);
				INFOPLIST_FILE = "Info-App.plist";
				INFOPLIST_PREPROCESS = NO;
				INSTALL_PATH = "$(HOME)/Applications";
				MACOSX_DEPLOYMENT_TARGET = 10.11;
				MACOSX_DEPLOYMENT_TARGET_ppc = 10.4;
				PRODUCT_BUNDLE_IDENTIFIER = com.yourcompany.GameEngine;
				SDKROOT_ppc = macosx10.5;
				USE_HEADERMAP = NO;
			};
			name = Debug;
		};
		ED89D1746314610CD3366D42 /* Release */ = {
			isa = XCBuildConfiguration;
			buildSettings = {
				ALWAYS_SEARCH_USER_PATHS = NO;
				CLANG_WARN_BLOCK_CAPTURE_AUTORELEASING = YES;
				CLANG_WARN_BOOL_CONVERSION = YES;
				CLANG_WARN_COMMA = YES;
				CLANG_WARN_CONSTANT_CONVERSION = YES;
				CLANG_WARN_EMPTY_BODY = YES;
				CLANG_WARN_ENUM_CONVERSION = YES;
				CLANG_WARN_INFINITE_RECURSION = YES;
				CLANG_WARN_INT_CONVERSION = YES;
				CLANG_WARN_NON_LITERAL_NULL_CONVERSION = YES;
				CLANG_WARN_OBJC_LITERAL_CONVERSION = YES;
				CLANG_WARN_RANGE_LOOP_ANALYSIS = YES;
				CLANG_WARN_STRICT_PROTOTYPES = YES;
				CLANG_WARN_SUSPICIOUS_MOVE = YES;
				CLANG_WARN_UNREACHABLE_CODE = YES;
				CLANG_WARN__DUPLICATE_METHOD_MATCH = YES;
				DEBUG_INFORMATION_FORMAT = dwarf;
				ENABLE_STRICT_OBJC_MSGSEND = YES;
				GCC_C_LANGUAGE_STANDARD = c11;
				GCC_INLINES_ARE_PRIVATE_EXTERN = YES;
				GCC_MODEL_TUNING = G5;
				GCC_NO_COMMON_BLOCKS = YES;
				GCC_WARN_64_TO_32_BIT_CONVERSION = YES;
				GCC_WARN_ABOUT_RETURN_TYPE = YES;
				GCC_WARN_CHECK_SWITCH_STATEMENTS = YES;
				GCC_WARN_MISSING_PARENTHESES = YES;
				GCC_WARN_NON_VIRTUAL_DESTRUCTOR = YES;
				GCC_WARN_TYPECHECK_CALLS_TO_PRINTF = YES;
				GCC_WARN_UNDECLARED_SELECTOR = YES;
				GCC_WARN_UNINITIALIZED_AUTOS = YES;
				GCC_WARN_UNUSED_FUNCTION = YES;
				GCC_WARN_UNUSED_VARIABLE = YES;
				PRODUCT_NAME = GameEngine;
				WARNING_CFLAGS = "-Wreorder";
				ZERO_LINK = NO;
			};
			name = Release;
		};
/* End XCBuildConfiguration section */

/* Begin XCConfigurationList section */
		26FD0C563558A2B6800EAB8F /* Build configuration list for PBXProject "GameEngine" */ = {
			isa = XCConfigurationList;
			buildConfigurations = (
				4E88A491047F4D92C00A1321 /* Debug */,
				ED89D1746314610CD3366D42 /* Release */,
			);
			defaultConfigurationIsVisible = 0;
			defaultConfigurationName = Debug;
		};
		5DE5165C68199297AB9B5D67 /* Build configuration list for PBXNativeTarget "GameEngine - App" */ = {
			isa = XCConfigurationList;
			buildConfigurations = (
				A486A6677BB9914E04275F32 /* Debug */,
				1E5F7F2E326672D34FD88490 /* Release */,
			);
			defaultConfigurationIsVisible = 0;
			defaultConfigurationName = Debug;
		};
/* End XCConfigurationList section */
	};
	rootObject = 2EF5FBBC84324306B84774F6 /* Project object */;
}
