// !$*UTF8*$!
{
	archiveVersion = 1;
	classes = {
	};
	objectVersion = 46;
	objects = {

		5991A1C7CF1EE8ECC4F63409 = {isa = PBXBuildFile; fileRef = 9D35490C4876D031192C2E7D; };
		CB713E4E79059529E1431571 = {isa = PBXBuildFile; fileRef = 66F3DFD5AB328E63588BC4DE; };
		285DE68E24613368B07CF2F8 = {isa = PBXBuildFile; fileRef = DDE8825792FB04D98048A71C; };
		344F996E6A93A1A942461D45 = {isa = PBXBuildFile; fileRef = C914DB40E65411356A1C71D8; };
		F4E02995216BFBBAC2F76273 = {isa = PBXBuildFile; fileRef = 53F17A5323E54F88FFD36AE0; };
		A9FB24D384DD385A9A07EFD6 = {isa = PBXBuildFile; fileRef = E49E13DAC3AF3B527A4CD88A; };
		0C23FEF73CB3CCC679277229 = {isa = PBXBuildFile; fileRef = 9AD444FE604DE937ABC55738; };
		0B0DBFBB8C97A1C00E8654BD = {isa = PBXBuildFile; fileRef = FCA105220A3EBF24DFFB0712; };
		B567F9C037209D98FB3A68E1 = {isa = PBXBuildFile; fileRef = 18F7584B08172428E01A2540; };
		95779F8198F6CE6C912458C2 = {isa = PBXBuildFile; fileRef = 440305AD02F736201CF66AF5; };
		CB0F9FAC924C49EA68551CA8 = {isa = PBXBuildFile; fileRef = 84D7D961807F7F9249304D2A; };
		C5648B70494D3B3A6AD97FB4 = {isa = PBXBuildFile; fileRef = 533B115F4775174DA09ECE6B; };
		629F7C4B69186145DA2B79A5 = {isa = PBXBuildFile; fileRef = 36FF978BDABB7DF5E6415EE2; };
		B3DEA874B45B9A3786DDE76F = {isa = PBXBuildFile; fileRef = 2826143FA96BCE7C1EEF186E; };
		9EA593FFE8738490513F0877 = {isa = PBXBuildFile; fileRef = 25CB1B8D5A1A5575A3602489; };
		02C4ABB2D03479FFC4FDCCF6 = {isa = PBXBuildFile; fileRef = 9393D152B1113E94CD1F6753; };
		E3DCBF3C857617169E23A364 = {isa = PBXBuildFile; fileRef = D0ABEF449498A900100870BA; };
<<<<<<< HEAD
		6D901B94CC6C9509069F506B = {isa = PBXBuildFile; fileRef = 53E4A8768853B62BD27CF4AA; };
=======
>>>>>>> origin/animation
		6D9133D87FC996569CE9F08D = {isa = PBXBuildFile; fileRef = 9AEFC69732675DD47D6D189E; };
		126EECFCC888B71D6D78BEC0 = {isa = PBXBuildFile; fileRef = C8F28688427D42B0D604557B; };
		E5AFB0FA06AFD269490CAC9A = {isa = PBXBuildFile; fileRef = 82A6054789DC0619F865C3D7; };
		193BC6E4DC4157063B2637F0 = {isa = PBXBuildFile; fileRef = 5D1FC676694048DAC21CAA6A; };
		AB42996D2FCB77517C2D75C6 = {isa = PBXBuildFile; fileRef = 611569D78603F94E278B2487; };
		E748003EBCE1847C28D5C0EC = {isa = PBXBuildFile; fileRef = 57F5598FD8F3E97531BC5EB5; };
		CB49342A082E35A747289E66 = {isa = PBXBuildFile; fileRef = FEE89DEBAA87AD417CACE5F5; };
		4F66DEA667F5E5A8C774E67A = {isa = PBXBuildFile; fileRef = E0BF831B1159FAC3D28C9DF0; };
		4B4270A247035B1DA39D26A5 = {isa = PBXBuildFile; fileRef = 3830C1496629F66A0C633D7B; };
		A581A3D6EEE6ACF1152A0E57 = {isa = PBXBuildFile; fileRef = 988F06FE1C7913B0852C96F3; };
		279DDA55F777E8B887408E16 = {isa = PBXBuildFile; fileRef = E04B0A0155DB5B531ACC8FA9; };
		1BC3FAC9F474E24FFCB33887 = {isa = PBXBuildFile; fileRef = 660E71EF21BF6C2D0340F422; };
		116DD69DF66DD859D6A8029B = {isa = PBXBuildFile; fileRef = 3372C8F8F439EDCBE1097CC0; };
		8871A9DC0D6846046D9550CC = {isa = PBXBuildFile; fileRef = 2AC4989BD02C83183C7D3828; };
		E6CB8F6039A57A5C6F2FC364 = {isa = PBXBuildFile; fileRef = 615E66B2EC87ABF0E9A5B3CD; };
		4A92CB0E47E0D2F911E4BADD = {isa = PBXBuildFile; fileRef = 341426304986D28EDA70D679; };
		0B0667BAAB7C98BF5BF559E2 = {isa = PBXFileReference; lastKnownFileType = sourcecode.c.h; name = HealthBar.h; path = ../../Source/HealthBar.h; sourceTree = "SOURCE_ROOT"; };
		18F7584B08172428E01A2540 = {isa = PBXFileReference; lastKnownFileType = wrapper.framework; name = CoreMedia.framework; path = System/Library/Frameworks/CoreMedia.framework; sourceTree = SDKROOT; };
<<<<<<< HEAD
		1B8986AE82C644C1FBFCDC9A = {isa = PBXFileReference; lastKnownFileType = sourcecode.c.h; name = RenderSwapFrame.h; path = ../../Source/RenderSwapFrame.h; sourceTree = "SOURCE_ROOT"; };
=======
>>>>>>> origin/animation
		1D7C1F965F4FB3D10468AEEA = {isa = PBXFileReference; lastKnownFileType = file; name = "juce_core"; path = "../../../JUCE/modules/juce_core"; sourceTree = "SOURCE_ROOT"; };
		2029627B6D944624E0952861 = {isa = PBXFileReference; lastKnownFileType = sourcecode.c.h; name = AppConfig.h; path = ../../JuceLibraryCode/AppConfig.h; sourceTree = "SOURCE_ROOT"; };
		220E4CFD3F2119785D2A67B8 = {isa = PBXFileReference; lastKnownFileType = file; name = "juce_audio_formats"; path = "../../../JUCE/modules/juce_audio_formats"; sourceTree = "SOURCE_ROOT"; };
		25CB1B8D5A1A5575A3602489 = {isa = PBXFileReference; lastKnownFileType = wrapper.framework; name = WebKit.framework; path = System/Library/Frameworks/WebKit.framework; sourceTree = SDKROOT; };
		2826143FA96BCE7C1EEF186E = {isa = PBXFileReference; lastKnownFileType = wrapper.framework; name = QuartzCore.framework; path = System/Library/Frameworks/QuartzCore.framework; sourceTree = SDKROOT; };
		2AC4989BD02C83183C7D3828 = {isa = PBXFileReference; lastKnownFileType = sourcecode.cpp.objcpp; name = "include_juce_gui_extra.mm"; path = "../../JuceLibraryCode/include_juce_gui_extra.mm"; sourceTree = "SOURCE_ROOT"; };
		3372C8F8F439EDCBE1097CC0 = {isa = PBXFileReference; lastKnownFileType = sourcecode.cpp.objcpp; name = "include_juce_gui_basics.mm"; path = "../../JuceLibraryCode/include_juce_gui_basics.mm"; sourceTree = "SOURCE_ROOT"; };
		341426304986D28EDA70D679 = {isa = PBXFileReference; lastKnownFileType = sourcecode.cpp.objcpp; name = "include_juce_video.mm"; path = "../../JuceLibraryCode/include_juce_video.mm"; sourceTree = "SOURCE_ROOT"; };
		36FF978BDABB7DF5E6415EE2 = {isa = PBXFileReference; lastKnownFileType = wrapper.framework; name = OpenGL.framework; path = System/Library/Frameworks/OpenGL.framework; sourceTree = SDKROOT; };
		3830C1496629F66A0C633D7B = {isa = PBXFileReference; lastKnownFileType = sourcecode.cpp.objcpp; name = "include_juce_cryptography.mm"; path = "../../JuceLibraryCode/include_juce_cryptography.mm"; sourceTree = "SOURCE_ROOT"; };
		440305AD02F736201CF66AF5 = {isa = PBXFileReference; lastKnownFileType = wrapper.framework; name = CoreMIDI.framework; path = System/Library/Frameworks/CoreMIDI.framework; sourceTree = SDKROOT; };
<<<<<<< HEAD
		460671E8989F9D6FB8D18248 = {isa = PBXFileReference; lastKnownFileType = sourcecode.c.h; name = VertexBuffer.h; path = ../../Source/VertexBuffer.h; sourceTree = "SOURCE_ROOT"; };
=======
>>>>>>> origin/animation
		4ADDCBC94966E30AEF1A03AD = {isa = PBXFileReference; lastKnownFileType = sourcecode.c.h; name = WorldPhysics.h; path = ../../Source/WorldPhysics.h; sourceTree = "SOURCE_ROOT"; };
		514DFDCDB24A6FDDC67012D4 = {isa = PBXFileReference; lastKnownFileType = sourcecode.c.h; name = GameModel.h; path = ../../Source/GameModel.h; sourceTree = "SOURCE_ROOT"; };
		531C74EC80235CE6E5248C52 = {isa = PBXFileReference; lastKnownFileType = file; name = "juce_audio_utils"; path = "../../../JUCE/modules/juce_audio_utils"; sourceTree = "SOURCE_ROOT"; };
		533B115F4775174DA09ECE6B = {isa = PBXFileReference; lastKnownFileType = wrapper.framework; name = IOKit.framework; path = System/Library/Frameworks/IOKit.framework; sourceTree = SDKROOT; };
<<<<<<< HEAD
		53E4A8768853B62BD27CF4AA = {isa = PBXFileReference; lastKnownFileType = sourcecode.cpp.cpp; name = GameAudio.cpp; path = ../../Source/GameAudio.cpp; sourceTree = "SOURCE_ROOT"; };
=======
>>>>>>> origin/animation
		53F17A5323E54F88FFD36AE0 = {isa = PBXFileReference; lastKnownFileType = wrapper.framework; name = AVKit.framework; path = System/Library/Frameworks/AVKit.framework; sourceTree = SDKROOT; };
		57F5598FD8F3E97531BC5EB5 = {isa = PBXFileReference; lastKnownFileType = sourcecode.cpp.objcpp; name = "include_juce_audio_utils.mm"; path = "../../JuceLibraryCode/include_juce_audio_utils.mm"; sourceTree = "SOURCE_ROOT"; };
		5BA064D2FF4E47F6DF098CA3 = {isa = PBXFileReference; lastKnownFileType = file; name = "juce_graphics"; path = "../../../JUCE/modules/juce_graphics"; sourceTree = "SOURCE_ROOT"; };
		5D1FC676694048DAC21CAA6A = {isa = PBXFileReference; lastKnownFileType = sourcecode.cpp.objcpp; name = "include_juce_audio_formats.mm"; path = "../../JuceLibraryCode/include_juce_audio_formats.mm"; sourceTree = "SOURCE_ROOT"; };
		611569D78603F94E278B2487 = {isa = PBXFileReference; lastKnownFileType = sourcecode.cpp.objcpp; name = "include_juce_audio_processors.mm"; path = "../../JuceLibraryCode/include_juce_audio_processors.mm"; sourceTree = "SOURCE_ROOT"; };
		615E66B2EC87ABF0E9A5B3CD = {isa = PBXFileReference; lastKnownFileType = sourcecode.cpp.objcpp; name = "include_juce_opengl.mm"; path = "../../JuceLibraryCode/include_juce_opengl.mm"; sourceTree = "SOURCE_ROOT"; };
		62B06CFBC267B2BAE27E352C = {isa = PBXFileReference; lastKnownFileType = sourcecode.c.h; name = GameHUD.h; path = ../../Source/GameHUD.h; sourceTree = "SOURCE_ROOT"; };
		6390E8295EE8A6EAFE7CB364 = {isa = PBXFileReference; lastKnownFileType = file; name = "juce_box2d"; path = "../../JuceLibraryCode/modules/juce_box2d"; sourceTree = "SOURCE_ROOT"; };
		660E71EF21BF6C2D0340F422 = {isa = PBXFileReference; lastKnownFileType = sourcecode.cpp.objcpp; name = "include_juce_graphics.mm"; path = "../../JuceLibraryCode/include_juce_graphics.mm"; sourceTree = "SOURCE_ROOT"; };
		66F3DFD5AB328E63588BC4DE = {isa = PBXFileReference; lastKnownFileType = wrapper.framework; name = Accelerate.framework; path = System/Library/Frameworks/Accelerate.framework; sourceTree = SDKROOT; };
<<<<<<< HEAD
		68305B811A1C735726DB891B = {isa = PBXFileReference; lastKnownFileType = sourcecode.c.h; name = PhysicalAction.h; path = ../../Source/PhysicalAction.h; sourceTree = "SOURCE_ROOT"; };
		6DE7DB29FDCCDBCE6A95D813 = {isa = PBXFileReference; lastKnownFileType = sourcecode.c.h; name = GameCommand.h; path = ../../Source/GameCommand.h; sourceTree = "SOURCE_ROOT"; };
		6EC685BB7C5F8AAE0C0B02C5 = {isa = PBXFileReference; lastKnownFileType = sourcecode.c.h; name = DrawableObject.h; path = ../../Source/DrawableObject.h; sourceTree = "SOURCE_ROOT"; };
		74ED474F34259E2F8E5BECC0 = {isa = PBXFileReference; lastKnownFileType = file; name = "juce_opengl"; path = "../../../JUCE/modules/juce_opengl"; sourceTree = "SOURCE_ROOT"; };
		7A78893BA5DB04D0A54C46C0 = {isa = PBXFileReference; lastKnownFileType = sourcecode.c.h; name = PhysicsProperties.h; path = ../../Source/PhysicsProperties.h; sourceTree = "SOURCE_ROOT"; };
		7B11279CB669DCADCEB39831 = {isa = PBXFileReference; lastKnownFileType = sourcecode.c.h; name = InputManager.h; path = ../../Source/InputManager.h; sourceTree = "SOURCE_ROOT"; };
=======
		74ED474F34259E2F8E5BECC0 = {isa = PBXFileReference; lastKnownFileType = file; name = "juce_opengl"; path = "../../../JUCE/modules/juce_opengl"; sourceTree = "SOURCE_ROOT"; };
		7A78893BA5DB04D0A54C46C0 = {isa = PBXFileReference; lastKnownFileType = sourcecode.c.h; name = PhysicsProperties.h; path = ../../Source/PhysicsProperties.h; sourceTree = "SOURCE_ROOT"; };
>>>>>>> origin/animation
		7D17B2E08D9B8F6702CE0A72 = {isa = PBXFileReference; lastKnownFileType = file; name = "juce_video"; path = "../../../JUCE/modules/juce_video"; sourceTree = "SOURCE_ROOT"; };
		82A6054789DC0619F865C3D7 = {isa = PBXFileReference; lastKnownFileType = sourcecode.cpp.objcpp; name = "include_juce_audio_devices.mm"; path = "../../JuceLibraryCode/include_juce_audio_devices.mm"; sourceTree = "SOURCE_ROOT"; };
		84D7D961807F7F9249304D2A = {isa = PBXFileReference; lastKnownFileType = wrapper.framework; name = DiscRecording.framework; path = System/Library/Frameworks/DiscRecording.framework; sourceTree = SDKROOT; };
		8891774E0B0F4FE8CEDD1D3D = {isa = PBXFileReference; lastKnownFileType = sourcecode.c.h; name = GameLogic.h; path = ../../Source/GameLogic.h; sourceTree = "SOURCE_ROOT"; };
		9393D152B1113E94CD1F6753 = {isa = PBXFileReference; lastKnownFileType = file.nib; name = RecentFilesMenuTemplate.nib; path = RecentFilesMenuTemplate.nib; sourceTree = "SOURCE_ROOT"; };
		94146F572E2E68DEB04EBBF6 = {isa = PBXFileReference; lastKnownFileType = file; name = "juce_audio_devices"; path = "../../../JUCE/modules/juce_audio_devices"; sourceTree = "SOURCE_ROOT"; };
		988F06FE1C7913B0852C96F3 = {isa = PBXFileReference; lastKnownFileType = sourcecode.cpp.objcpp; name = "include_juce_data_structures.mm"; path = "../../JuceLibraryCode/include_juce_data_structures.mm"; sourceTree = "SOURCE_ROOT"; };
<<<<<<< HEAD
		9A564722B07A3064050145D3 = {isa = PBXFileReference; lastKnownFileType = sourcecode.c.h; name = Uniforms.h; path = ../../Source/Uniforms.h; sourceTree = "SOURCE_ROOT"; };
=======
>>>>>>> origin/animation
		9AD444FE604DE937ABC55738 = {isa = PBXFileReference; lastKnownFileType = wrapper.framework; name = Cocoa.framework; path = System/Library/Frameworks/Cocoa.framework; sourceTree = SDKROOT; };
		9AEFC69732675DD47D6D189E = {isa = PBXFileReference; lastKnownFileType = sourcecode.cpp.cpp; name = Main.cpp; path = ../../Source/Main.cpp; sourceTree = "SOURCE_ROOT"; };
		9B2EB08FB215AA698D7BA72B = {isa = PBXFileReference; lastKnownFileType = file; name = "juce_audio_basics"; path = "../../../JUCE/modules/juce_audio_basics"; sourceTree = "SOURCE_ROOT"; };
		9D35490C4876D031192C2E7D = {isa = PBXFileReference; explicitFileType = wrapper.application; includeInIndex = 0; path = GameEngine.app; sourceTree = "BUILT_PRODUCTS_DIR"; };
		A09528ADC481BBA9A7FB220F = {isa = PBXFileReference; lastKnownFileType = sourcecode.c.h; name = CoreEngine.h; path = ../../Source/CoreEngine.h; sourceTree = "SOURCE_ROOT"; };
		A756F150B7721779705DF302 = {isa = PBXFileReference; lastKnownFileType = text.plist.xml; name = "Info-App.plist"; path = "Info-App.plist"; sourceTree = "SOURCE_ROOT"; };
		A9F222157DBDF66C4FFFA5A6 = {isa = PBXFileReference; lastKnownFileType = file; name = "juce_gui_extra"; path = "../../../JUCE/modules/juce_gui_extra"; sourceTree = "SOURCE_ROOT"; };
<<<<<<< HEAD
		AACE90A6D59C1071C2294349 = {isa = PBXFileReference; lastKnownFileType = sourcecode.c.h; name = PlayerObject.h; path = ../../Source/PlayerObject.h; sourceTree = "SOURCE_ROOT"; };
		BAF8107209BFC5F11D64C7AF = {isa = PBXFileReference; lastKnownFileType = file; name = "juce_events"; path = "../../../JUCE/modules/juce_events"; sourceTree = "SOURCE_ROOT"; };
		C473DBBCFB1C42C9C044C608 = {isa = PBXFileReference; lastKnownFileType = sourcecode.c.h; name = GameAudio.h; path = ../../Source/GameAudio.h; sourceTree = "SOURCE_ROOT"; };
=======
		B3311E94DA1C91166E6809E4 = {isa = PBXFileReference; lastKnownFileType = sourcecode.c.h; name = GameHUDElement.h; path = ../../Source/GameHUDElement.h; sourceTree = "SOURCE_ROOT"; };
		B813D4415004F8E66B24ED35 = {isa = PBXFileReference; lastKnownFileType = sourcecode.c.h; name = GameHUDDataModel.h; path = ../../Source/GameHUDDataModel.h; sourceTree = "SOURCE_ROOT"; };
		BAF8107209BFC5F11D64C7AF = {isa = PBXFileReference; lastKnownFileType = file; name = "juce_events"; path = "../../../JUCE/modules/juce_events"; sourceTree = "SOURCE_ROOT"; };
>>>>>>> origin/animation
		C6911D756116EB8547E69AF4 = {isa = PBXFileReference; lastKnownFileType = file; name = "juce_data_structures"; path = "../../../JUCE/modules/juce_data_structures"; sourceTree = "SOURCE_ROOT"; };
		C8F28688427D42B0D604557B = {isa = PBXFileReference; lastKnownFileType = sourcecode.cpp.objcpp; name = "include_juce_audio_basics.mm"; path = "../../JuceLibraryCode/include_juce_audio_basics.mm"; sourceTree = "SOURCE_ROOT"; };
		C914DB40E65411356A1C71D8 = {isa = PBXFileReference; lastKnownFileType = wrapper.framework; name = AVFoundation.framework; path = System/Library/Frameworks/AVFoundation.framework; sourceTree = SDKROOT; };
		D0ABEF449498A900100870BA = {isa = PBXFileReference; lastKnownFileType = sourcecode.cpp.cpp; name = CoreEngine.cpp; path = ../../Source/CoreEngine.cpp; sourceTree = "SOURCE_ROOT"; };
<<<<<<< HEAD
		D44140AC27E51C0B9BFFD2BA = {isa = PBXFileReference; lastKnownFileType = sourcecode.c.h; name = Vertex.h; path = ../../Source/Vertex.h; sourceTree = "SOURCE_ROOT"; };
=======
>>>>>>> origin/animation
		DAFAD75AACFDAB51ADBF5F88 = {isa = PBXFileReference; lastKnownFileType = file; name = "juce_audio_processors"; path = "../../../JUCE/modules/juce_audio_processors"; sourceTree = "SOURCE_ROOT"; };
		DDE8825792FB04D98048A71C = {isa = PBXFileReference; lastKnownFileType = wrapper.framework; name = AudioToolbox.framework; path = System/Library/Frameworks/AudioToolbox.framework; sourceTree = SDKROOT; };
		DFAD3F1A2F29E0B726A386D1 = {isa = PBXFileReference; lastKnownFileType = file; name = "juce_gui_basics"; path = "../../../JUCE/modules/juce_gui_basics"; sourceTree = "SOURCE_ROOT"; };
		E04B0A0155DB5B531ACC8FA9 = {isa = PBXFileReference; lastKnownFileType = sourcecode.cpp.objcpp; name = "include_juce_events.mm"; path = "../../JuceLibraryCode/include_juce_events.mm"; sourceTree = "SOURCE_ROOT"; };
		E0BF831B1159FAC3D28C9DF0 = {isa = PBXFileReference; lastKnownFileType = sourcecode.cpp.objcpp; name = "include_juce_core.mm"; path = "../../JuceLibraryCode/include_juce_core.mm"; sourceTree = "SOURCE_ROOT"; };
		E49E13DAC3AF3B527A4CD88A = {isa = PBXFileReference; lastKnownFileType = wrapper.framework; name = Carbon.framework; path = System/Library/Frameworks/Carbon.framework; sourceTree = SDKROOT; };
		E6B8664F7CAC374C51E904BC = {isa = PBXFileReference; lastKnownFileType = sourcecode.c.h; name = JuceHeader.h; path = ../../JuceLibraryCode/JuceHeader.h; sourceTree = "SOURCE_ROOT"; };
		E7373F48938106BD853CF5E1 = {isa = PBXFileReference; lastKnownFileType = sourcecode.c.h; name = GameObject.h; path = ../../Source/GameObject.h; sourceTree = "SOURCE_ROOT"; };
<<<<<<< HEAD
		EC02179D4F7AFB822114C647 = {isa = PBXFileReference; lastKnownFileType = sourcecode.c.h; name = Attributes.h; path = ../../Source/Attributes.h; sourceTree = "SOURCE_ROOT"; };
=======
>>>>>>> origin/animation
		F0DA468E9ECC20010D573CD6 = {isa = PBXFileReference; lastKnownFileType = file; name = "juce_cryptography"; path = "../../../JUCE/modules/juce_cryptography"; sourceTree = "SOURCE_ROOT"; };
		FA5F7AC5F0A66B878AF055CE = {isa = PBXFileReference; lastKnownFileType = sourcecode.c.h; name = GameView.h; path = ../../Source/GameView.h; sourceTree = "SOURCE_ROOT"; };
		FCA105220A3EBF24DFFB0712 = {isa = PBXFileReference; lastKnownFileType = wrapper.framework; name = CoreAudio.framework; path = System/Library/Frameworks/CoreAudio.framework; sourceTree = SDKROOT; };
		FEE89DEBAA87AD417CACE5F5 = {isa = PBXFileReference; lastKnownFileType = sourcecode.cpp.cpp; name = "include_juce_box2d.cpp"; path = "../../JuceLibraryCode/include_juce_box2d.cpp"; sourceTree = "SOURCE_ROOT"; };
		1FC73B7FD3BD8137D94E09A8 = {isa = PBXGroup; children = (
<<<<<<< HEAD
					EC02179D4F7AFB822114C647,
					D0ABEF449498A900100870BA,
					A09528ADC481BBA9A7FB220F,
					6EC685BB7C5F8AAE0C0B02C5,
					53E4A8768853B62BD27CF4AA,
					C473DBBCFB1C42C9C044C608,
					6DE7DB29FDCCDBCE6A95D813,
					62B06CFBC267B2BAE27E352C,
=======
					D0ABEF449498A900100870BA,
					A09528ADC481BBA9A7FB220F,
					62B06CFBC267B2BAE27E352C,
					B813D4415004F8E66B24ED35,
					B3311E94DA1C91166E6809E4,
>>>>>>> origin/animation
					8891774E0B0F4FE8CEDD1D3D,
					514DFDCDB24A6FDDC67012D4,
					E7373F48938106BD853CF5E1,
					FA5F7AC5F0A66B878AF055CE,
					0B0667BAAB7C98BF5BF559E2,
<<<<<<< HEAD
					7B11279CB669DCADCEB39831,
					9AEFC69732675DD47D6D189E,
					68305B811A1C735726DB891B,
					7A78893BA5DB04D0A54C46C0,
					AACE90A6D59C1071C2294349,
					1B8986AE82C644C1FBFCDC9A,
					9A564722B07A3064050145D3,
					D44140AC27E51C0B9BFFD2BA,
					460671E8989F9D6FB8D18248,
=======
					9AEFC69732675DD47D6D189E,
					7A78893BA5DB04D0A54C46C0,
>>>>>>> origin/animation
					4ADDCBC94966E30AEF1A03AD, ); name = Source; sourceTree = "<group>"; };
		BBEBACA23F8D5E9F877BD57C = {isa = PBXGroup; children = (
					1FC73B7FD3BD8137D94E09A8, ); name = GameEngine; sourceTree = "<group>"; };
		2878067D26D3EA79C5F7627C = {isa = PBXGroup; children = (
					9B2EB08FB215AA698D7BA72B,
					94146F572E2E68DEB04EBBF6,
					220E4CFD3F2119785D2A67B8,
					DAFAD75AACFDAB51ADBF5F88,
					531C74EC80235CE6E5248C52,
					6390E8295EE8A6EAFE7CB364,
					1D7C1F965F4FB3D10468AEEA,
					F0DA468E9ECC20010D573CD6,
					C6911D756116EB8547E69AF4,
					BAF8107209BFC5F11D64C7AF,
					5BA064D2FF4E47F6DF098CA3,
					DFAD3F1A2F29E0B726A386D1,
					A9F222157DBDF66C4FFFA5A6,
					74ED474F34259E2F8E5BECC0,
					7D17B2E08D9B8F6702CE0A72, ); name = "Juce Modules"; sourceTree = "<group>"; };
		37227471AFF55D49D7736640 = {isa = PBXGroup; children = (
					2029627B6D944624E0952861,
					C8F28688427D42B0D604557B,
					82A6054789DC0619F865C3D7,
					5D1FC676694048DAC21CAA6A,
					611569D78603F94E278B2487,
					57F5598FD8F3E97531BC5EB5,
					FEE89DEBAA87AD417CACE5F5,
					E0BF831B1159FAC3D28C9DF0,
					3830C1496629F66A0C633D7B,
					988F06FE1C7913B0852C96F3,
					E04B0A0155DB5B531ACC8FA9,
					660E71EF21BF6C2D0340F422,
					3372C8F8F439EDCBE1097CC0,
					2AC4989BD02C83183C7D3828,
					615E66B2EC87ABF0E9A5B3CD,
					341426304986D28EDA70D679,
					E6B8664F7CAC374C51E904BC, ); name = "Juce Library Code"; sourceTree = "<group>"; };
		7838D8B5C9E3BBBF621FD947 = {isa = PBXGroup; children = (
					A756F150B7721779705DF302,
					9393D152B1113E94CD1F6753, ); name = Resources; sourceTree = "<group>"; };
		B4A9D316D3B97A83D724B4F4 = {isa = PBXGroup; children = (
					66F3DFD5AB328E63588BC4DE,
					DDE8825792FB04D98048A71C,
					C914DB40E65411356A1C71D8,
					53F17A5323E54F88FFD36AE0,
					E49E13DAC3AF3B527A4CD88A,
					9AD444FE604DE937ABC55738,
					FCA105220A3EBF24DFFB0712,
					18F7584B08172428E01A2540,
					440305AD02F736201CF66AF5,
					84D7D961807F7F9249304D2A,
					533B115F4775174DA09ECE6B,
					36FF978BDABB7DF5E6415EE2,
					2826143FA96BCE7C1EEF186E,
					25CB1B8D5A1A5575A3602489, ); name = Frameworks; sourceTree = "<group>"; };
		0382876580B6FC96718F9BE8 = {isa = PBXGroup; children = (
					9D35490C4876D031192C2E7D, ); name = Products; sourceTree = "<group>"; };
		5D852BA488C7D07366254ECE = {isa = PBXGroup; children = (
					BBEBACA23F8D5E9F877BD57C,
					2878067D26D3EA79C5F7627C,
					37227471AFF55D49D7736640,
					7838D8B5C9E3BBBF621FD947,
					B4A9D316D3B97A83D724B4F4,
					0382876580B6FC96718F9BE8, ); name = Source; sourceTree = "<group>"; };
		A486A6677BB9914E04275F32 = {isa = XCBuildConfiguration; buildSettings = {
				CLANG_CXX_LANGUAGE_STANDARD = "c++11";
				CLANG_LINK_OBJC_RUNTIME = NO;
				COMBINE_HIDPI_IMAGES = YES;
				CONFIGURATION_BUILD_DIR = "$(PROJECT_DIR)/build/$(CONFIGURATION)";
				COPY_PHASE_STRIP = NO;
				GCC_DYNAMIC_NO_PIC = NO;
				GCC_OPTIMIZATION_LEVEL = 0;
				GCC_PREPROCESSOR_DEFINITIONS = (
					"_DEBUG=1",
					"DEBUG=1",
					"JUCER_XCODE_MAC_F6D2F4CF=1",
					"JUCE_APP_VERSION=1.0.0",
					"JUCE_APP_VERSION_HEX=0x10000",
					"JucePlugin_Build_VST=0",
					"JucePlugin_Build_VST3=0",
					"JucePlugin_Build_AU=0",
					"JucePlugin_Build_AUv3=0",
					"JucePlugin_Build_RTAS=0",
					"JucePlugin_Build_AAX=0",
					"JucePlugin_Build_Standalone=0", );
				GCC_VERSION = com.apple.compilers.llvm.clang.1_0;
				HEADER_SEARCH_PATHS = ("../../JuceLibraryCode", "../../../JUCE/modules", "../../JuceLibraryCode/modules", "$(inherited)");
				INFOPLIST_FILE = Info-App.plist;
				INFOPLIST_PREPROCESS = NO;
				INSTALL_PATH = "$(HOME)/Applications";
				MACOSX_DEPLOYMENT_TARGET = 10.11;
				MACOSX_DEPLOYMENT_TARGET_ppc = 10.4;
				PRODUCT_BUNDLE_IDENTIFIER = com.yourcompany.GameEngine;
				SDKROOT_ppc = macosx10.5;
				USE_HEADERMAP = NO; }; name = Debug; };
		1E5F7F2E326672D34FD88490 = {isa = XCBuildConfiguration; buildSettings = {
				CLANG_CXX_LANGUAGE_STANDARD = "c++11";
				CLANG_LINK_OBJC_RUNTIME = NO;
				COMBINE_HIDPI_IMAGES = YES;
				CONFIGURATION_BUILD_DIR = "$(PROJECT_DIR)/build/$(CONFIGURATION)";
				DEAD_CODE_STRIPPING = YES;
				GCC_GENERATE_DEBUGGING_SYMBOLS = NO;
				GCC_OPTIMIZATION_LEVEL = 3;
				GCC_PREPROCESSOR_DEFINITIONS = (
					"_NDEBUG=1",
					"NDEBUG=1",
					"JUCER_XCODE_MAC_F6D2F4CF=1",
					"JUCE_APP_VERSION=1.0.0",
					"JUCE_APP_VERSION_HEX=0x10000",
					"JucePlugin_Build_VST=0",
					"JucePlugin_Build_VST3=0",
					"JucePlugin_Build_AU=0",
					"JucePlugin_Build_AUv3=0",
					"JucePlugin_Build_RTAS=0",
					"JucePlugin_Build_AAX=0",
					"JucePlugin_Build_Standalone=0", );
				GCC_SYMBOLS_PRIVATE_EXTERN = YES;
				GCC_VERSION = com.apple.compilers.llvm.clang.1_0;
				HEADER_SEARCH_PATHS = ("../../JuceLibraryCode", "../../../JUCE/modules", "../../JuceLibraryCode/modules", "$(inherited)");
				INFOPLIST_FILE = Info-App.plist;
				INFOPLIST_PREPROCESS = NO;
				INSTALL_PATH = "$(HOME)/Applications";
				MACOSX_DEPLOYMENT_TARGET = 10.11;
				MACOSX_DEPLOYMENT_TARGET_ppc = 10.4;
				PRODUCT_BUNDLE_IDENTIFIER = com.yourcompany.GameEngine;
				SDKROOT_ppc = macosx10.5;
				USE_HEADERMAP = NO; }; name = Release; };
		4E88A491047F4D92C00A1321 = {isa = XCBuildConfiguration; buildSettings = {
				ALWAYS_SEARCH_USER_PATHS = NO;
				CLANG_WARN_BLOCK_CAPTURE_AUTORELEASING = YES;
				CLANG_WARN_BOOL_CONVERSION = YES;
				CLANG_WARN_COMMA = YES;
				CLANG_WARN_CONSTANT_CONVERSION = YES;
				CLANG_WARN_EMPTY_BODY = YES;
				CLANG_WARN_ENUM_CONVERSION = YES;
				CLANG_WARN_INFINITE_RECURSION = YES;
				CLANG_WARN_INT_CONVERSION = YES;
				CLANG_WARN_NON_LITERAL_NULL_CONVERSION = YES;
				CLANG_WARN_OBJC_LITERAL_CONVERSION = YES;
				CLANG_WARN_RANGE_LOOP_ANALYSIS = YES;
				CLANG_WARN_STRICT_PROTOTYPES = YES;
				CLANG_WARN_SUSPICIOUS_MOVE = YES;
				CLANG_WARN_UNREACHABLE_CODE = YES;
				CLANG_WARN__DUPLICATE_METHOD_MATCH = YES;
				DEBUG_INFORMATION_FORMAT = "dwarf";
				ENABLE_STRICT_OBJC_MSGSEND = YES;
				ENABLE_TESTABILITY = YES;
				GCC_C_LANGUAGE_STANDARD = c11;
				GCC_INLINES_ARE_PRIVATE_EXTERN = YES;
				GCC_MODEL_TUNING = G5;
				GCC_NO_COMMON_BLOCKS = YES;
				GCC_WARN_64_TO_32_BIT_CONVERSION = YES;
				GCC_WARN_ABOUT_RETURN_TYPE = YES;
				GCC_WARN_CHECK_SWITCH_STATEMENTS = YES;
				GCC_WARN_MISSING_PARENTHESES = YES;
				GCC_WARN_NON_VIRTUAL_DESTRUCTOR = YES;
				GCC_WARN_TYPECHECK_CALLS_TO_PRINTF = YES;
				GCC_WARN_UNDECLARED_SELECTOR = YES;
				GCC_WARN_UNINITIALIZED_AUTOS = YES;
				GCC_WARN_UNUSED_FUNCTION = YES;
				GCC_WARN_UNUSED_VARIABLE = YES;
				ONLY_ACTIVE_ARCH = YES;
				PRODUCT_NAME = "GameEngine";
				WARNING_CFLAGS = -Wreorder;
				ZERO_LINK = NO; }; name = Debug; };
		ED89D1746314610CD3366D42 = {isa = XCBuildConfiguration; buildSettings = {
				ALWAYS_SEARCH_USER_PATHS = NO;
				CLANG_WARN_BLOCK_CAPTURE_AUTORELEASING = YES;
				CLANG_WARN_BOOL_CONVERSION = YES;
				CLANG_WARN_COMMA = YES;
				CLANG_WARN_CONSTANT_CONVERSION = YES;
				CLANG_WARN_EMPTY_BODY = YES;
				CLANG_WARN_ENUM_CONVERSION = YES;
				CLANG_WARN_INFINITE_RECURSION = YES;
				CLANG_WARN_INT_CONVERSION = YES;
				CLANG_WARN_NON_LITERAL_NULL_CONVERSION = YES;
				CLANG_WARN_OBJC_LITERAL_CONVERSION = YES;
				CLANG_WARN_RANGE_LOOP_ANALYSIS = YES;
				CLANG_WARN_STRICT_PROTOTYPES = YES;
				CLANG_WARN_SUSPICIOUS_MOVE = YES;
				CLANG_WARN_UNREACHABLE_CODE = YES;
				CLANG_WARN__DUPLICATE_METHOD_MATCH = YES;
				DEBUG_INFORMATION_FORMAT = "dwarf";
				ENABLE_STRICT_OBJC_MSGSEND = YES;
				GCC_C_LANGUAGE_STANDARD = c11;
				GCC_INLINES_ARE_PRIVATE_EXTERN = YES;
				GCC_MODEL_TUNING = G5;
				GCC_NO_COMMON_BLOCKS = YES;
				GCC_WARN_64_TO_32_BIT_CONVERSION = YES;
				GCC_WARN_ABOUT_RETURN_TYPE = YES;
				GCC_WARN_CHECK_SWITCH_STATEMENTS = YES;
				GCC_WARN_MISSING_PARENTHESES = YES;
				GCC_WARN_NON_VIRTUAL_DESTRUCTOR = YES;
				GCC_WARN_TYPECHECK_CALLS_TO_PRINTF = YES;
				GCC_WARN_UNDECLARED_SELECTOR = YES;
				GCC_WARN_UNINITIALIZED_AUTOS = YES;
				GCC_WARN_UNUSED_FUNCTION = YES;
				GCC_WARN_UNUSED_VARIABLE = YES;
				PRODUCT_NAME = "GameEngine";
				WARNING_CFLAGS = -Wreorder;
				ZERO_LINK = NO; }; name = Release; };
		C0842E56065C070BB5E57613 = {isa = PBXTargetDependency; target = 84C59EDDA2B3D6490BFD7814; };
		26FD0C563558A2B6800EAB8F = {isa = XCConfigurationList; buildConfigurations = (
					4E88A491047F4D92C00A1321,
					ED89D1746314610CD3366D42, ); defaultConfigurationIsVisible = 0; defaultConfigurationName = Debug; };
		5DE5165C68199297AB9B5D67 = {isa = XCConfigurationList; buildConfigurations = (
					A486A6677BB9914E04275F32,
					1E5F7F2E326672D34FD88490, ); defaultConfigurationIsVisible = 0; defaultConfigurationName = Debug; };
		9A9B6DFE0206A2E7876C6513 = {isa = PBXResourcesBuildPhase; buildActionMask = 2147483647; files = (
					02C4ABB2D03479FFC4FDCCF6, ); runOnlyForDeploymentPostprocessing = 0; };
		0B33A8888BA5EB2D1D983C62 = {isa = PBXSourcesBuildPhase; buildActionMask = 2147483647; files = (
					E3DCBF3C857617169E23A364,
<<<<<<< HEAD
					6D901B94CC6C9509069F506B,
=======
>>>>>>> origin/animation
					6D9133D87FC996569CE9F08D,
					126EECFCC888B71D6D78BEC0,
					E5AFB0FA06AFD269490CAC9A,
					193BC6E4DC4157063B2637F0,
					AB42996D2FCB77517C2D75C6,
					E748003EBCE1847C28D5C0EC,
					CB49342A082E35A747289E66,
					4F66DEA667F5E5A8C774E67A,
					4B4270A247035B1DA39D26A5,
					A581A3D6EEE6ACF1152A0E57,
					279DDA55F777E8B887408E16,
					1BC3FAC9F474E24FFCB33887,
					116DD69DF66DD859D6A8029B,
					8871A9DC0D6846046D9550CC,
					E6CB8F6039A57A5C6F2FC364,
					4A92CB0E47E0D2F911E4BADD, ); runOnlyForDeploymentPostprocessing = 0; };
		173AE3A9FF01F8F3768C8689 = {isa = PBXFrameworksBuildPhase; buildActionMask = 2147483647; files = (
					CB713E4E79059529E1431571,
					285DE68E24613368B07CF2F8,
					344F996E6A93A1A942461D45,
					F4E02995216BFBBAC2F76273,
					A9FB24D384DD385A9A07EFD6,
					0C23FEF73CB3CCC679277229,
					0B0DBFBB8C97A1C00E8654BD,
					B567F9C037209D98FB3A68E1,
					95779F8198F6CE6C912458C2,
					CB0F9FAC924C49EA68551CA8,
					C5648B70494D3B3A6AD97FB4,
					629F7C4B69186145DA2B79A5,
					B3DEA874B45B9A3786DDE76F,
					9EA593FFE8738490513F0877, ); runOnlyForDeploymentPostprocessing = 0; };
		84C59EDDA2B3D6490BFD7814 = {isa = PBXNativeTarget; buildConfigurationList = 5DE5165C68199297AB9B5D67; buildPhases = (
					9A9B6DFE0206A2E7876C6513,
					0B33A8888BA5EB2D1D983C62,
					173AE3A9FF01F8F3768C8689, ); buildRules = ( ); dependencies = (  ); name = "GameEngine - App"; productName = GameEngine; productReference = 9D35490C4876D031192C2E7D; productType = "com.apple.product-type.application"; };
		2EF5FBBC84324306B84774F6 = {isa = PBXProject; buildConfigurationList = 26FD0C563558A2B6800EAB8F; attributes = { LastUpgradeCheck = 0830; TargetAttributes = { 84C59EDDA2B3D6490BFD7814 = { SystemCapabilities = {com.apple.ApplicationGroups.iOS = { enabled = 0; }; com.apple.InAppPurchase = { enabled = 0; }; com.apple.InterAppAudio = { enabled = 0; }; com.apple.Push = { enabled = 0; }; com.apple.Sandbox = { enabled = 0; }; }; }; }; }; compatibilityVersion = "Xcode 3.2"; hasScannedForEncodings = 0; mainGroup = 5D852BA488C7D07366254ECE; projectDirPath = ""; projectRoot = ""; targets = (84C59EDDA2B3D6490BFD7814); };
	};
	rootObject = 2EF5FBBC84324306B84774F6;
}
